
Microsoft Visual Studio Solution File, Format Version 12.00
# Visual Studio 14
VisualStudioVersion = 14.0.25420.1
MinimumVisualStudioVersion = 10.0.40219.1
Project("{FAE04EC0-301F-11D3-BF4B-00C04F79EFBC}") = "01.RemoveNegativesAndReverse", "01.RemoveNegativesAndReverse\01.RemoveNegativesAndReverse.csproj", "{6A148354-BA73-4137-9F91-AB5009BD078A}"
EndProject
Project("{FAE04EC0-301F-11D3-BF4B-00C04F79EFBC}") = "02.AppendLists", "02.AppendLists\02.AppendLists.csproj", "{23103D5B-126C-4A87-BBE3-705F8E1FC86C}"
EndProject
Project("{FAE04EC0-301F-11D3-BF4B-00C04F79EFBC}") = "03.SumAdjacentEqualNumbers", "03.SumAdjacentEqualNumbers\03.SumAdjacentEqualNumbers.csproj", "{9B7B46CB-9A8E-4694-9AEB-965E2693129E}"
EndProject
Project("{FAE04EC0-301F-11D3-BF4B-00C04F79EFBC}") = "04.SplitByWordCasing", "04.SplitByWordCasing\04.SplitByWordCasing.csproj", "{524F6F60-6E17-4A28-A117-82526E575343}"
EndProject
Project("{FAE04EC0-301F-11D3-BF4B-00C04F79EFBC}") = "05.SortNumbers", "05.SortNumbers\05.SortNumbers.csproj", "{0C4C24F1-8C81-4E80-9C2F-2F65B92445E5}"
EndProject
Project("{FAE04EC0-301F-11D3-BF4B-00C04F79EFBC}") = "06.SquareNumbers", "06.SquareNumbers\06.SquareNumbers.csproj", "{B192B07A-C987-4C73-B203-CD2F70B1651F}"
EndProject
Project("{FAE04EC0-301F-11D3-BF4B-00C04F79EFBC}") = "07.CountNumbers", "07.CountNumbers\07.CountNumbers.csproj", "{4ABE9724-1259-4522-A48F-75E05AD4A806}"
EndProject
Project("{FAE04EC0-301F-11D3-BF4B-00C04F79EFBC}") = "007.CountNumbers", "007.CountNumbers\007.CountNumbers.csproj", "{9412DD0F-1B57-469E-90C6-44FAEC708D75}"
EndProject
Global
	GlobalSection(SolutionConfigurationPlatforms) = preSolution
		Debug|Any CPU = Debug|Any CPU
		Release|Any CPU = Release|Any CPU
	EndGlobalSection
	GlobalSection(ProjectConfigurationPlatforms) = postSolution
		{6A148354-BA73-4137-9F91-AB5009BD078A}.Debug|Any CPU.ActiveCfg = Debug|Any CPU
		{6A148354-BA73-4137-9F91-AB5009BD078A}.Debug|Any CPU.Build.0 = Debug|Any CPU
		{6A148354-BA73-4137-9F91-AB5009BD078A}.Release|Any CPU.ActiveCfg = Release|Any CPU
		{6A148354-BA73-4137-9F91-AB5009BD078A}.Release|Any CPU.Build.0 = Release|Any CPU
		{23103D5B-126C-4A87-BBE3-705F8E1FC86C}.Debug|Any CPU.ActiveCfg = Debug|Any CPU
		{23103D5B-126C-4A87-BBE3-705F8E1FC86C}.Debug|Any CPU.Build.0 = Debug|Any CPU
		{23103D5B-126C-4A87-BBE3-705F8E1FC86C}.Release|Any CPU.ActiveCfg = Release|Any CPU
		{23103D5B-126C-4A87-BBE3-705F8E1FC86C}.Release|Any CPU.Build.0 = Release|Any CPU
		{9B7B46CB-9A8E-4694-9AEB-965E2693129E}.Debug|Any CPU.ActiveCfg = Debug|Any CPU
		{9B7B46CB-9A8E-4694-9AEB-965E2693129E}.Debug|Any CPU.Build.0 = Debug|Any CPU
		{9B7B46CB-9A8E-4694-9AEB-965E2693129E}.Release|Any CPU.ActiveCfg = Release|Any CPU
		{9B7B46CB-9A8E-4694-9AEB-965E2693129E}.Release|Any CPU.Build.0 = Release|Any CPU
		{524F6F60-6E17-4A28-A117-82526E575343}.Debug|Any CPU.ActiveCfg = Debug|Any CPU
		{524F6F60-6E17-4A28-A117-82526E575343}.Debug|Any CPU.Build.0 = Debug|Any CPU
		{524F6F60-6E17-4A28-A117-82526E575343}.Release|Any CPU.ActiveCfg = Release|Any CPU
		{524F6F60-6E17-4A28-A117-82526E575343}.Release|Any CPU.Build.0 = Release|Any CPU
		{0C4C24F1-8C81-4E80-9C2F-2F65B92445E5}.Debug|Any CPU.ActiveCfg = Debug|Any CPU
		{0C4C24F1-8C81-4E80-9C2F-2F65B92445E5}.Debug|Any CPU.Build.0 = Debug|Any CPU
		{0C4C24F1-8C81-4E80-9C2F-2F65B92445E5}.Release|Any CPU.ActiveCfg = Release|Any CPU
		{0C4C24F1-8C81-4E80-9C2F-2F65B92445E5}.Release|Any CPU.Build.0 = Release|Any CPU
		{B192B07A-C987-4C73-B203-CD2F70B1651F}.Debug|Any CPU.ActiveCfg = Debug|Any CPU
		{B192B07A-C987-4C73-B203-CD2F70B1651F}.Debug|Any CPU.Build.0 = Debug|Any CPU
		{B192B07A-C987-4C73-B203-CD2F70B1651F}.Release|Any CPU.ActiveCfg = Release|Any CPU
		{B192B07A-C987-4C73-B203-CD2F70B1651F}.Release|Any CPU.Build.0 = Release|Any CPU
		{4ABE9724-1259-4522-A48F-75E05AD4A806}.Debug|Any CPU.ActiveCfg = Debug|Any CPU
		{4ABE9724-1259-4522-A48F-75E05AD4A806}.Debug|Any CPU.Build.0 = Debug|Any CPU
		{4ABE9724-1259-4522-A48F-75E05AD4A806}.Release|Any CPU.ActiveCfg = Release|Any CPU
		{4ABE9724-1259-4522-A48F-75E05AD4A806}.Release|Any CPU.Build.0 = Release|Any CPU
		{9412DD0F-1B57-469E-90C6-44FAEC708D75}.Debug|Any CPU.ActiveCfg = Debug|Any CPU
		{9412DD0F-1B57-469E-90C6-44FAEC708D75}.Debug|Any CPU.Build.0 = Debug|Any CPU
		{9412DD0F-1B57-469E-90C6-44FAEC708D75}.Release|Any CPU.ActiveCfg = Release|Any CPU
		{9412DD0F-1B57-469E-90C6-44FAEC708D75}.Release|Any CPU.Build.0 = Release|Any CPU
	EndGlobalSection
	GlobalSection(SolutionProperties) = preSolution
		HideSolutionNode = FALSE
	EndGlobalSection
EndGlobal
