
Microsoft Visual Studio Solution File, Format Version 12.00
# Visual Studio 14
VisualStudioVersion = 14.0.25420.1
MinimumVisualStudioVersion = 10.0.40219.1
Project("{FAE04EC0-301F-11D3-BF4B-00C04F79EFBC}") = "01.PracticeIntegers", "01.PracticeIntegers\01.PracticeIntegers.csproj", "{63979DE5-0721-4C3C-8BE7-A8D7FA30F7DE}"
EndProject
Project("{FAE04EC0-301F-11D3-BF4B-00C04F79EFBC}") = "02.PracticeFloatingPoints", "02.PracticeFloatingPoints\02.PracticeFloatingPoints.csproj", "{B084003F-FDE6-49AA-BF41-9D339381DE49}"
EndProject
Project("{FAE04EC0-301F-11D3-BF4B-00C04F79EFBC}") = "04.VariableInHexFormat", "04.VariableInHexFormat\04.VariableInHexFormat.csproj", "{7A1CD7B5-02F8-4A08-951E-4EEAE89236DC}"
EndProject
Project("{FAE04EC0-301F-11D3-BF4B-00C04F79EFBC}") = "05.BooleanVariable", "05.BooleanVariable\05.BooleanVariable.csproj", "{629A528F-7393-435C-8138-4C8EEEDB7547}"
EndProject
Project("{FAE04EC0-301F-11D3-BF4B-00C04F79EFBC}") = "03.PracticeCharsAndStrings", "03.PracticeCharsAndStrings\03.PracticeCharsAndStrings.csproj", "{613C477B-3AAE-455A-AC8C-65B351507F90}"
EndProject
Project("{FAE04EC0-301F-11D3-BF4B-00C04F79EFBC}") = "06.StringsAndObjects", "06.StringsAndObjects\06.StringsAndObjects.csproj", "{6EAC81D9-6F82-484E-A434-385802408980}"
EndProject
Project("{FAE04EC0-301F-11D3-BF4B-00C04F79EFBC}") = "07.ExchangeVariableValues", "07.ExchangeVariableValues\07.ExchangeVariableValues.csproj", "{1EB175D6-28E8-4C5E-B10D-1516AD9F8B60}"
EndProject
Project("{FAE04EC0-301F-11D3-BF4B-00C04F79EFBC}") = "08.EmployeeData", "08.EmployeeData\08.EmployeeData.csproj", "{F2E63D6F-7D04-49F6-88FB-3EA0D93CEF09}"
EndProject
Project("{FAE04EC0-301F-11D3-BF4B-00C04F79EFBC}") = "09.ReversedChars", "09.ReversedChars\09.ReversedChars.csproj", "{79D1B3AC-3771-4698-8217-D29CAAD8936D}"
EndProject
Project("{FAE04EC0-301F-11D3-BF4B-00C04F79EFBC}") = "12.RectangleProperties", "12.RectangleProperties\12.RectangleProperties.csproj", "{B25245E8-CA4A-453A-9C4B-13AC25186985}"
EndProject
Project("{FAE04EC0-301F-11D3-BF4B-00C04F79EFBC}") = "13.VowelOrDigit", "13.VowelOrDigit\13.VowelOrDigit.csproj", "{4D3BF3DA-9284-463C-89F4-75819ED8D9F4}"
EndProject
Project("{FAE04EC0-301F-11D3-BF4B-00C04F79EFBC}") = "14.IntegerToHexAndBinary", "14.IntegerToHexAndBinary\14.IntegerToHexAndBinary.csproj", "{4134E72C-101C-4FF9-964D-10F29C829A90}"
EndProject
Project("{FAE04EC0-301F-11D3-BF4B-00C04F79EFBC}") = "17.PrintPartOfASCIITable", "17.PrintPartOfASCIITable\17.PrintPartOfASCIITable.csproj", "{34198477-AD0B-4B18-8F61-1D67ED9D8083}"
EndProject
Project("{FAE04EC0-301F-11D3-BF4B-00C04F79EFBC}") = "18.DifferentIntegersSize", "18.DifferentIntegersSize\18.DifferentIntegersSize.csproj", "{45068E95-E408-4089-8A7D-053373D464BF}"
EndProject
Project("{FAE04EC0-301F-11D3-BF4B-00C04F79EFBC}") = "15.FastPrimeChecker", "15.FastPrimeChecker\15.FastPrimeChecker.csproj", "{25B97460-7325-4E11-ABE4-4B2884C32460}"
EndProject
Project("{FAE04EC0-301F-11D3-BF4B-00C04F79EFBC}") = "10.CenturiesToNanoseconds", "10.CenturiesToNanoseconds\10.CenturiesToNanoseconds.csproj", "{867D2B34-B839-4667-A2FF-658F98AFC9C6}"
EndProject
Project("{FAE04EC0-301F-11D3-BF4B-00C04F79EFBC}") = "11.ConvertSpeedUnits", "11.ConvertSpeedUnits\11.ConvertSpeedUnits.csproj", "{E9CBE7D7-0B69-40DF-8B1B-84D44453C977}"
EndProject
Project("{FAE04EC0-301F-11D3-BF4B-00C04F79EFBC}") = "16.ComparingFloats", "16.ComparingFloats\16.ComparingFloats.csproj", "{2AB96C85-49EA-4FAC-8B12-CD1ACDA85A02}"
EndProject
Global
	GlobalSection(SolutionConfigurationPlatforms) = preSolution
		Debug|Any CPU = Debug|Any CPU
		Release|Any CPU = Release|Any CPU
	EndGlobalSection
	GlobalSection(ProjectConfigurationPlatforms) = postSolution
		{63979DE5-0721-4C3C-8BE7-A8D7FA30F7DE}.Debug|Any CPU.ActiveCfg = Debug|Any CPU
		{63979DE5-0721-4C3C-8BE7-A8D7FA30F7DE}.Debug|Any CPU.Build.0 = Debug|Any CPU
		{63979DE5-0721-4C3C-8BE7-A8D7FA30F7DE}.Release|Any CPU.ActiveCfg = Release|Any CPU
		{63979DE5-0721-4C3C-8BE7-A8D7FA30F7DE}.Release|Any CPU.Build.0 = Release|Any CPU
		{B084003F-FDE6-49AA-BF41-9D339381DE49}.Debug|Any CPU.ActiveCfg = Debug|Any CPU
		{B084003F-FDE6-49AA-BF41-9D339381DE49}.Debug|Any CPU.Build.0 = Debug|Any CPU
		{B084003F-FDE6-49AA-BF41-9D339381DE49}.Release|Any CPU.ActiveCfg = Release|Any CPU
		{B084003F-FDE6-49AA-BF41-9D339381DE49}.Release|Any CPU.Build.0 = Release|Any CPU
		{7A1CD7B5-02F8-4A08-951E-4EEAE89236DC}.Debug|Any CPU.ActiveCfg = Debug|Any CPU
		{7A1CD7B5-02F8-4A08-951E-4EEAE89236DC}.Debug|Any CPU.Build.0 = Debug|Any CPU
		{7A1CD7B5-02F8-4A08-951E-4EEAE89236DC}.Release|Any CPU.ActiveCfg = Release|Any CPU
		{7A1CD7B5-02F8-4A08-951E-4EEAE89236DC}.Release|Any CPU.Build.0 = Release|Any CPU
		{629A528F-7393-435C-8138-4C8EEEDB7547}.Debug|Any CPU.ActiveCfg = Debug|Any CPU
		{629A528F-7393-435C-8138-4C8EEEDB7547}.Debug|Any CPU.Build.0 = Debug|Any CPU
		{629A528F-7393-435C-8138-4C8EEEDB7547}.Release|Any CPU.ActiveCfg = Release|Any CPU
		{629A528F-7393-435C-8138-4C8EEEDB7547}.Release|Any CPU.Build.0 = Release|Any CPU
		{613C477B-3AAE-455A-AC8C-65B351507F90}.Debug|Any CPU.ActiveCfg = Debug|Any CPU
		{613C477B-3AAE-455A-AC8C-65B351507F90}.Debug|Any CPU.Build.0 = Debug|Any CPU
		{613C477B-3AAE-455A-AC8C-65B351507F90}.Release|Any CPU.ActiveCfg = Release|Any CPU
		{613C477B-3AAE-455A-AC8C-65B351507F90}.Release|Any CPU.Build.0 = Release|Any CPU
		{6EAC81D9-6F82-484E-A434-385802408980}.Debug|Any CPU.ActiveCfg = Debug|Any CPU
		{6EAC81D9-6F82-484E-A434-385802408980}.Debug|Any CPU.Build.0 = Debug|Any CPU
		{6EAC81D9-6F82-484E-A434-385802408980}.Release|Any CPU.ActiveCfg = Release|Any CPU
		{6EAC81D9-6F82-484E-A434-385802408980}.Release|Any CPU.Build.0 = Release|Any CPU
		{1EB175D6-28E8-4C5E-B10D-1516AD9F8B60}.Debug|Any CPU.ActiveCfg = Debug|Any CPU
		{1EB175D6-28E8-4C5E-B10D-1516AD9F8B60}.Debug|Any CPU.Build.0 = Debug|Any CPU
		{1EB175D6-28E8-4C5E-B10D-1516AD9F8B60}.Release|Any CPU.ActiveCfg = Release|Any CPU
		{1EB175D6-28E8-4C5E-B10D-1516AD9F8B60}.Release|Any CPU.Build.0 = Release|Any CPU
		{F2E63D6F-7D04-49F6-88FB-3EA0D93CEF09}.Debug|Any CPU.ActiveCfg = Debug|Any CPU
		{F2E63D6F-7D04-49F6-88FB-3EA0D93CEF09}.Debug|Any CPU.Build.0 = Debug|Any CPU
		{F2E63D6F-7D04-49F6-88FB-3EA0D93CEF09}.Release|Any CPU.ActiveCfg = Release|Any CPU
		{F2E63D6F-7D04-49F6-88FB-3EA0D93CEF09}.Release|Any CPU.Build.0 = Release|Any CPU
		{79D1B3AC-3771-4698-8217-D29CAAD8936D}.Debug|Any CPU.ActiveCfg = Debug|Any CPU
		{79D1B3AC-3771-4698-8217-D29CAAD8936D}.Debug|Any CPU.Build.0 = Debug|Any CPU
		{79D1B3AC-3771-4698-8217-D29CAAD8936D}.Release|Any CPU.ActiveCfg = Release|Any CPU
		{79D1B3AC-3771-4698-8217-D29CAAD8936D}.Release|Any CPU.Build.0 = Release|Any CPU
		{B25245E8-CA4A-453A-9C4B-13AC25186985}.Debug|Any CPU.ActiveCfg = Debug|Any CPU
		{B25245E8-CA4A-453A-9C4B-13AC25186985}.Debug|Any CPU.Build.0 = Debug|Any CPU
		{B25245E8-CA4A-453A-9C4B-13AC25186985}.Release|Any CPU.ActiveCfg = Release|Any CPU
		{B25245E8-CA4A-453A-9C4B-13AC25186985}.Release|Any CPU.Build.0 = Release|Any CPU
		{4D3BF3DA-9284-463C-89F4-75819ED8D9F4}.Debug|Any CPU.ActiveCfg = Debug|Any CPU
		{4D3BF3DA-9284-463C-89F4-75819ED8D9F4}.Debug|Any CPU.Build.0 = Debug|Any CPU
		{4D3BF3DA-9284-463C-89F4-75819ED8D9F4}.Release|Any CPU.ActiveCfg = Release|Any CPU
		{4D3BF3DA-9284-463C-89F4-75819ED8D9F4}.Release|Any CPU.Build.0 = Release|Any CPU
		{4134E72C-101C-4FF9-964D-10F29C829A90}.Debug|Any CPU.ActiveCfg = Debug|Any CPU
		{4134E72C-101C-4FF9-964D-10F29C829A90}.Debug|Any CPU.Build.0 = Debug|Any CPU
		{4134E72C-101C-4FF9-964D-10F29C829A90}.Release|Any CPU.ActiveCfg = Release|Any CPU
		{4134E72C-101C-4FF9-964D-10F29C829A90}.Release|Any CPU.Build.0 = Release|Any CPU
		{34198477-AD0B-4B18-8F61-1D67ED9D8083}.Debug|Any CPU.ActiveCfg = Debug|Any CPU
		{34198477-AD0B-4B18-8F61-1D67ED9D8083}.Debug|Any CPU.Build.0 = Debug|Any CPU
		{34198477-AD0B-4B18-8F61-1D67ED9D8083}.Release|Any CPU.ActiveCfg = Release|Any CPU
		{34198477-AD0B-4B18-8F61-1D67ED9D8083}.Release|Any CPU.Build.0 = Release|Any CPU
		{45068E95-E408-4089-8A7D-053373D464BF}.Debug|Any CPU.ActiveCfg = Debug|Any CPU
		{45068E95-E408-4089-8A7D-053373D464BF}.Debug|Any CPU.Build.0 = Debug|Any CPU
		{45068E95-E408-4089-8A7D-053373D464BF}.Release|Any CPU.ActiveCfg = Release|Any CPU
		{45068E95-E408-4089-8A7D-053373D464BF}.Release|Any CPU.Build.0 = Release|Any CPU
		{25B97460-7325-4E11-ABE4-4B2884C32460}.Debug|Any CPU.ActiveCfg = Debug|Any CPU
		{25B97460-7325-4E11-ABE4-4B2884C32460}.Debug|Any CPU.Build.0 = Debug|Any CPU
		{25B97460-7325-4E11-ABE4-4B2884C32460}.Release|Any CPU.ActiveCfg = Release|Any CPU
		{25B97460-7325-4E11-ABE4-4B2884C32460}.Release|Any CPU.Build.0 = Release|Any CPU
		{867D2B34-B839-4667-A2FF-658F98AFC9C6}.Debug|Any CPU.ActiveCfg = Debug|Any CPU
		{867D2B34-B839-4667-A2FF-658F98AFC9C6}.Debug|Any CPU.Build.0 = Debug|Any CPU
		{867D2B34-B839-4667-A2FF-658F98AFC9C6}.Release|Any CPU.ActiveCfg = Release|Any CPU
		{867D2B34-B839-4667-A2FF-658F98AFC9C6}.Release|Any CPU.Build.0 = Release|Any CPU
		{E9CBE7D7-0B69-40DF-8B1B-84D44453C977}.Debug|Any CPU.ActiveCfg = Debug|Any CPU
		{E9CBE7D7-0B69-40DF-8B1B-84D44453C977}.Debug|Any CPU.Build.0 = Debug|Any CPU
		{E9CBE7D7-0B69-40DF-8B1B-84D44453C977}.Release|Any CPU.ActiveCfg = Release|Any CPU
		{E9CBE7D7-0B69-40DF-8B1B-84D44453C977}.Release|Any CPU.Build.0 = Release|Any CPU
		{2AB96C85-49EA-4FAC-8B12-CD1ACDA85A02}.Debug|Any CPU.ActiveCfg = Debug|Any CPU
		{2AB96C85-49EA-4FAC-8B12-CD1ACDA85A02}.Debug|Any CPU.Build.0 = Debug|Any CPU
		{2AB96C85-49EA-4FAC-8B12-CD1ACDA85A02}.Release|Any CPU.ActiveCfg = Release|Any CPU
		{2AB96C85-49EA-4FAC-8B12-CD1ACDA85A02}.Release|Any CPU.Build.0 = Release|Any CPU
	EndGlobalSection
	GlobalSection(SolutionProperties) = preSolution
		HideSolutionNode = FALSE
	EndGlobalSection
EndGlobal
