
Microsoft Visual Studio Solution File, Format Version 12.00
# Visual Studio 14
VisualStudioVersion = 14.0.25420.1
MinimumVisualStudioVersion = 10.0.40219.1
Project("{FAE04EC0-301F-11D3-BF4B-00C04F79EFBC}") = "TalkovenRechnik", "TalkovenRechnik\TalkovenRechnik.csproj", "{8988589A-554A-485B-888F-A4A7BB593EBA}"
EndProject
Project("{FAE04EC0-301F-11D3-BF4B-00C04F79EFBC}") = "StreamsExamples", "StreamsExamples\StreamsExamples.csproj", "{CD264231-AFDA-4069-847F-569BC6FA0F7F}"
EndProject
Global
	GlobalSection(SolutionConfigurationPlatforms) = preSolution
		Debug|Any CPU = Debug|Any CPU
		Release|Any CPU = Release|Any CPU
	EndGlobalSection
	GlobalSection(ProjectConfigurationPlatforms) = postSolution
		{8988589A-554A-485B-888F-A4A7BB593EBA}.Debug|Any CPU.ActiveCfg = Debug|Any CPU
		{8988589A-554A-485B-888F-A4A7BB593EBA}.Debug|Any CPU.Build.0 = Debug|Any CPU
		{8988589A-554A-485B-888F-A4A7BB593EBA}.Release|Any CPU.ActiveCfg = Release|Any CPU
		{8988589A-554A-485B-888F-A4A7BB593EBA}.Release|Any CPU.Build.0 = Release|Any CPU
		{CD264231-AFDA-4069-847F-569BC6FA0F7F}.Debug|Any CPU.ActiveCfg = Debug|Any CPU
		{CD264231-AFDA-4069-847F-569BC6FA0F7F}.Debug|Any CPU.Build.0 = Debug|Any CPU
		{CD264231-AFDA-4069-847F-569BC6FA0F7F}.Release|Any CPU.ActiveCfg = Release|Any CPU
		{CD264231-AFDA-4069-847F-569BC6FA0F7F}.Release|Any CPU.Build.0 = Release|Any CPU
	EndGlobalSection
	GlobalSection(SolutionProperties) = preSolution
		HideSolutionNode = FALSE
	EndGlobalSection
EndGlobal
