
Microsoft Visual Studio Solution File, Format Version 12.00
# Visual Studio 14
VisualStudioVersion = 14.0.25420.1
MinimumVisualStudioVersion = 10.0.40219.1
Project("{FAE04EC0-301F-11D3-BF4B-00C04F79EFBC}") = "01.LargestCommonEnd", "01.LargestCommonEnd\01.LargestCommonEnd.csproj", "{39CB9F3D-EF1B-4738-B5A5-6394D4FE76EB}"
EndProject
Project("{FAE04EC0-301F-11D3-BF4B-00C04F79EFBC}") = "02.RotateAndSum", "02.RotateAndSum\02.RotateAndSum.csproj", "{38F3C2D6-50B9-4518-801B-896DB0962B5D}"
EndProject
Project("{FAE04EC0-301F-11D3-BF4B-00C04F79EFBC}") = "03.FoldАndSum", "03.FoldАndSum\03.FoldАndSum.csproj", "{6D1B304B-90D2-42BC-AA1A-58F457EB15A4}"
EndProject
Project("{FAE04EC0-301F-11D3-BF4B-00C04F79EFBC}") = "04.SieveOfEratosthenes", "04.SieveOfEratosthenes\04.SieveOfEratosthenes.csproj", "{FE0D3795-CB16-42EC-BAF5-64BBCA3C1F64}"
EndProject
Project("{FAE04EC0-301F-11D3-BF4B-00C04F79EFBC}") = "05.CompareCharArrays", "05.CompareCharArrays\05.CompareCharArrays.csproj", "{719567BE-ADC6-494D-BAC8-E9264CE6DCD7}"
EndProject
Project("{FAE04EC0-301F-11D3-BF4B-00C04F79EFBC}") = "06.MaxSequenceOfEqualElements", "06.MaxSequenceOfEqualElements\06.MaxSequenceOfEqualElements.csproj", "{5F33AB82-3D43-4CAC-B1C5-D70AAF314304}"
EndProject
Global
	GlobalSection(SolutionConfigurationPlatforms) = preSolution
		Debug|Any CPU = Debug|Any CPU
		Release|Any CPU = Release|Any CPU
	EndGlobalSection
	GlobalSection(ProjectConfigurationPlatforms) = postSolution
		{39CB9F3D-EF1B-4738-B5A5-6394D4FE76EB}.Debug|Any CPU.ActiveCfg = Debug|Any CPU
		{39CB9F3D-EF1B-4738-B5A5-6394D4FE76EB}.Debug|Any CPU.Build.0 = Debug|Any CPU
		{39CB9F3D-EF1B-4738-B5A5-6394D4FE76EB}.Release|Any CPU.ActiveCfg = Release|Any CPU
		{39CB9F3D-EF1B-4738-B5A5-6394D4FE76EB}.Release|Any CPU.Build.0 = Release|Any CPU
		{38F3C2D6-50B9-4518-801B-896DB0962B5D}.Debug|Any CPU.ActiveCfg = Debug|Any CPU
		{38F3C2D6-50B9-4518-801B-896DB0962B5D}.Debug|Any CPU.Build.0 = Debug|Any CPU
		{38F3C2D6-50B9-4518-801B-896DB0962B5D}.Release|Any CPU.ActiveCfg = Release|Any CPU
		{38F3C2D6-50B9-4518-801B-896DB0962B5D}.Release|Any CPU.Build.0 = Release|Any CPU
		{6D1B304B-90D2-42BC-AA1A-58F457EB15A4}.Debug|Any CPU.ActiveCfg = Debug|Any CPU
		{6D1B304B-90D2-42BC-AA1A-58F457EB15A4}.Debug|Any CPU.Build.0 = Debug|Any CPU
		{6D1B304B-90D2-42BC-AA1A-58F457EB15A4}.Release|Any CPU.ActiveCfg = Release|Any CPU
		{6D1B304B-90D2-42BC-AA1A-58F457EB15A4}.Release|Any CPU.Build.0 = Release|Any CPU
		{FE0D3795-CB16-42EC-BAF5-64BBCA3C1F64}.Debug|Any CPU.ActiveCfg = Debug|Any CPU
		{FE0D3795-CB16-42EC-BAF5-64BBCA3C1F64}.Debug|Any CPU.Build.0 = Debug|Any CPU
		{FE0D3795-CB16-42EC-BAF5-64BBCA3C1F64}.Release|Any CPU.ActiveCfg = Release|Any CPU
		{FE0D3795-CB16-42EC-BAF5-64BBCA3C1F64}.Release|Any CPU.Build.0 = Release|Any CPU
		{719567BE-ADC6-494D-BAC8-E9264CE6DCD7}.Debug|Any CPU.ActiveCfg = Debug|Any CPU
		{719567BE-ADC6-494D-BAC8-E9264CE6DCD7}.Debug|Any CPU.Build.0 = Debug|Any CPU
		{719567BE-ADC6-494D-BAC8-E9264CE6DCD7}.Release|Any CPU.ActiveCfg = Release|Any CPU
		{719567BE-ADC6-494D-BAC8-E9264CE6DCD7}.Release|Any CPU.Build.0 = Release|Any CPU
		{5F33AB82-3D43-4CAC-B1C5-D70AAF314304}.Debug|Any CPU.ActiveCfg = Debug|Any CPU
		{5F33AB82-3D43-4CAC-B1C5-D70AAF314304}.Debug|Any CPU.Build.0 = Debug|Any CPU
		{5F33AB82-3D43-4CAC-B1C5-D70AAF314304}.Release|Any CPU.ActiveCfg = Release|Any CPU
		{5F33AB82-3D43-4CAC-B1C5-D70AAF314304}.Release|Any CPU.Build.0 = Release|Any CPU
	EndGlobalSection
	GlobalSection(SolutionProperties) = preSolution
		HideSolutionNode = FALSE
	EndGlobalSection
EndGlobal
