
Microsoft Visual Studio Solution File, Format Version 12.00
# Visual Studio 14
VisualStudioVersion = 14.0.25420.1
MinimumVisualStudioVersion = 10.0.40219.1
Project("{FAE04EC0-301F-11D3-BF4B-00C04F79EFBC}") = "01.HelloName", "01.HelloName\01.HelloName.csproj", "{A07E0A88-4487-4D49-9A0E-B8D4C6941B11}"
EndProject
Project("{FAE04EC0-301F-11D3-BF4B-00C04F79EFBC}") = "02.MaxMethod", "02.MaxMethod\02.MaxMethod.csproj", "{EBDFEE73-56E4-468E-84F8-2872A93918A0}"
EndProject
Project("{FAE04EC0-301F-11D3-BF4B-00C04F79EFBC}") = "03.EnglishNameOfLastDigit", "03.EnglishNameOfLastDigit\03.EnglishNameOfLastDigit.csproj", "{031FDCF6-DCD2-4168-BBA3-2C95FF371268}"
EndProject
Project("{FAE04EC0-301F-11D3-BF4B-00C04F79EFBC}") = "04.NumbersInReversedOrder", "04.NumbersInReversedOrder\04.NumbersInReversedOrder.csproj", "{E32686DD-2B19-4800-81B7-8A0C53691F55}"
EndProject
Project("{FAE04EC0-301F-11D3-BF4B-00C04F79EFBC}") = "05.FibonacciNumbers", "05.FibonacciNumbers\05.FibonacciNumbers.csproj", "{8E596C50-BAD2-4E7E-8CDB-17A19C8CA8C6}"
EndProject
Project("{FAE04EC0-301F-11D3-BF4B-00C04F79EFBC}") = "06.PrimeChecker", "06.PrimeChecker\06.PrimeChecker.csproj", "{A192D8D9-47CC-46DA-9F41-43076FA250C7}"
EndProject
Project("{FAE04EC0-301F-11D3-BF4B-00C04F79EFBC}") = "07.PrimesInGivenRange", "07.PrimesInGivenRange\07.PrimesInGivenRange.csproj", "{FF117CAA-A794-40A2-934E-8A81030400DE}"
EndProject
Project("{FAE04EC0-301F-11D3-BF4B-00C04F79EFBC}") = "08.CenterPoint", "08.CenterPoint\08.CenterPoint.csproj", "{FEA6CC52-22DB-4FD2-B1B9-2DF440014382}"
EndProject
Project("{FAE04EC0-301F-11D3-BF4B-00C04F79EFBC}") = "09.LongerLine", "09.LongerLine\09.LongerLine.csproj", "{E39A4399-8F11-48E5-980C-25DE87D27A71}"
EndProject
Global
	GlobalSection(SolutionConfigurationPlatforms) = preSolution
		Debug|Any CPU = Debug|Any CPU
		Release|Any CPU = Release|Any CPU
	EndGlobalSection
	GlobalSection(ProjectConfigurationPlatforms) = postSolution
		{A07E0A88-4487-4D49-9A0E-B8D4C6941B11}.Debug|Any CPU.ActiveCfg = Debug|Any CPU
		{A07E0A88-4487-4D49-9A0E-B8D4C6941B11}.Debug|Any CPU.Build.0 = Debug|Any CPU
		{A07E0A88-4487-4D49-9A0E-B8D4C6941B11}.Release|Any CPU.ActiveCfg = Release|Any CPU
		{A07E0A88-4487-4D49-9A0E-B8D4C6941B11}.Release|Any CPU.Build.0 = Release|Any CPU
		{EBDFEE73-56E4-468E-84F8-2872A93918A0}.Debug|Any CPU.ActiveCfg = Debug|Any CPU
		{EBDFEE73-56E4-468E-84F8-2872A93918A0}.Debug|Any CPU.Build.0 = Debug|Any CPU
		{EBDFEE73-56E4-468E-84F8-2872A93918A0}.Release|Any CPU.ActiveCfg = Release|Any CPU
		{EBDFEE73-56E4-468E-84F8-2872A93918A0}.Release|Any CPU.Build.0 = Release|Any CPU
		{031FDCF6-DCD2-4168-BBA3-2C95FF371268}.Debug|Any CPU.ActiveCfg = Debug|Any CPU
		{031FDCF6-DCD2-4168-BBA3-2C95FF371268}.Debug|Any CPU.Build.0 = Debug|Any CPU
		{031FDCF6-DCD2-4168-BBA3-2C95FF371268}.Release|Any CPU.ActiveCfg = Release|Any CPU
		{031FDCF6-DCD2-4168-BBA3-2C95FF371268}.Release|Any CPU.Build.0 = Release|Any CPU
		{E32686DD-2B19-4800-81B7-8A0C53691F55}.Debug|Any CPU.ActiveCfg = Debug|Any CPU
		{E32686DD-2B19-4800-81B7-8A0C53691F55}.Debug|Any CPU.Build.0 = Debug|Any CPU
		{E32686DD-2B19-4800-81B7-8A0C53691F55}.Release|Any CPU.ActiveCfg = Release|Any CPU
		{E32686DD-2B19-4800-81B7-8A0C53691F55}.Release|Any CPU.Build.0 = Release|Any CPU
		{8E596C50-BAD2-4E7E-8CDB-17A19C8CA8C6}.Debug|Any CPU.ActiveCfg = Debug|Any CPU
		{8E596C50-BAD2-4E7E-8CDB-17A19C8CA8C6}.Debug|Any CPU.Build.0 = Debug|Any CPU
		{8E596C50-BAD2-4E7E-8CDB-17A19C8CA8C6}.Release|Any CPU.ActiveCfg = Release|Any CPU
		{8E596C50-BAD2-4E7E-8CDB-17A19C8CA8C6}.Release|Any CPU.Build.0 = Release|Any CPU
		{A192D8D9-47CC-46DA-9F41-43076FA250C7}.Debug|Any CPU.ActiveCfg = Debug|Any CPU
		{A192D8D9-47CC-46DA-9F41-43076FA250C7}.Debug|Any CPU.Build.0 = Debug|Any CPU
		{A192D8D9-47CC-46DA-9F41-43076FA250C7}.Release|Any CPU.ActiveCfg = Release|Any CPU
		{A192D8D9-47CC-46DA-9F41-43076FA250C7}.Release|Any CPU.Build.0 = Release|Any CPU
		{FF117CAA-A794-40A2-934E-8A81030400DE}.Debug|Any CPU.ActiveCfg = Debug|Any CPU
		{FF117CAA-A794-40A2-934E-8A81030400DE}.Debug|Any CPU.Build.0 = Debug|Any CPU
		{FF117CAA-A794-40A2-934E-8A81030400DE}.Release|Any CPU.ActiveCfg = Release|Any CPU
		{FF117CAA-A794-40A2-934E-8A81030400DE}.Release|Any CPU.Build.0 = Release|Any CPU
		{FEA6CC52-22DB-4FD2-B1B9-2DF440014382}.Debug|Any CPU.ActiveCfg = Debug|Any CPU
		{FEA6CC52-22DB-4FD2-B1B9-2DF440014382}.Debug|Any CPU.Build.0 = Debug|Any CPU
		{FEA6CC52-22DB-4FD2-B1B9-2DF440014382}.Release|Any CPU.ActiveCfg = Release|Any CPU
		{FEA6CC52-22DB-4FD2-B1B9-2DF440014382}.Release|Any CPU.Build.0 = Release|Any CPU
		{E39A4399-8F11-48E5-980C-25DE87D27A71}.Debug|Any CPU.ActiveCfg = Debug|Any CPU
		{E39A4399-8F11-48E5-980C-25DE87D27A71}.Debug|Any CPU.Build.0 = Debug|Any CPU
		{E39A4399-8F11-48E5-980C-25DE87D27A71}.Release|Any CPU.ActiveCfg = Release|Any CPU
		{E39A4399-8F11-48E5-980C-25DE87D27A71}.Release|Any CPU.Build.0 = Release|Any CPU
	EndGlobalSection
	GlobalSection(SolutionProperties) = preSolution
		HideSolutionNode = FALSE
	EndGlobalSection
EndGlobal
